
Microsoft Visual Studio Solution File, Format Version 12.00
# Visual Studio Version 16
VisualStudioVersion = 16.0.30907.101
MinimumVisualStudioVersion = 10.0.40219.1
Project("{FAE04EC0-301F-11D3-BF4B-00C04F79EFBC}") = "ClassMetotDemo", "ClassMetotDemo\ClassMetotDemo.csproj", "{2767CC4E-CA4B-4E24-B56B-ACF55FB842CC}"
EndProject
Global
	GlobalSection(SolutionConfigurationPlatforms) = preSolution
		Debug|Any CPU = Debug|Any CPU
		Release|Any CPU = Release|Any CPU
	EndGlobalSection
	GlobalSection(ProjectConfigurationPlatforms) = postSolution
		{2767CC4E-CA4B-4E24-B56B-ACF55FB842CC}.Debug|Any CPU.ActiveCfg = Debug|Any CPU
		{2767CC4E-CA4B-4E24-B56B-ACF55FB842CC}.Debug|Any CPU.Build.0 = Debug|Any CPU
		{2767CC4E-CA4B-4E24-B56B-ACF55FB842CC}.Release|Any CPU.ActiveCfg = Release|Any CPU
		{2767CC4E-CA4B-4E24-B56B-ACF55FB842CC}.Release|Any CPU.Build.0 = Release|Any CPU
	EndGlobalSection
	GlobalSection(SolutionProperties) = preSolution
		HideSolutionNode = FALSE
	EndGlobalSection
	GlobalSection(ExtensibilityGlobals) = postSolution
		SolutionGuid = {3C210EE2-31F7-407A-85D2-FFC29FB91419}
	EndGlobalSection
EndGlobal
